Microsoft Visual Studio Solution File, Format Version 12.00
# Visual Studio Version 17
VisualStudioVersion = 17.5.33424.131
MinimumVisualStudioVersion = 10.0.40219.1
Project("{9A19103F-16F7-4668-BE54-9A1E7A4F7556}") = "SpellingTest.Maui", "SpellingTest.Maui\SpellingTest.Maui.csproj", "{E26DBD86-6541-4D34-A468-89B2F7A8F02D}"
EndProject
Project("{9A19103F-16F7-4668-BE54-9A1E7A4F7556}") = "SpellingTest.Core", "SpellingTest.Core\SpellingTest.Core.csproj", "{AF7D3E96-4B92-4E2E-AF31-71E37E009A35}"
EndProject
Project("{9A19103F-16F7-4668-BE54-9A1E7A4F7556}") = "SpellingTest.Test", "SpellingTest.Test\SpellingTest.Test.csproj", "{8474D7B8-8BE7-412D-A94A-6AF7BEE59F05}"
EndProject
Project("{9A19103F-16F7-4668-BE54-9A1E7A4F7556}") = "SpellingTest.Web", "SpellingTest.Blazor\SpellingTest.Web.csproj", "{A0653C13-9B45-4130-B0AC-7A5E5189066C}"
EndProject
Project("{2150E333-8FDC-42A3-9474-1A3956D46DE8}") = "docker", "docker", "{87A24924-BA1F-4A5B-B002-05868C6384B2}"
	ProjectSection(SolutionItems) = preProject
		Dockerfile = Dockerfile
	EndProjectSection
EndProject
Project("{9A19103F-16F7-4668-BE54-9A1E7A4F7556}") = "SpellingTest.Wasm", "SpellingTest.Wasm\SpellingTest.Wasm.csproj", "{AE6D3AE7-281D-482E-BEB8-810619B9C596}"
EndProject
Project("{2150E333-8FDC-42A3-9474-1A3956D46DE8}") = "UI", "UI", "{7063A053-2D08-49D3-BE0D-C9903522EF45}"
EndProject
Global
	GlobalSection(SolutionConfigurationPlatforms) = preSolution
		Debug|Any CPU = Debug|Any CPU
		Debug|ARM = Debug|ARM
		Debug|ARM64 = Debug|ARM64
		Debug|iPhone = Debug|iPhone
		Debug|iPhoneSimulator = Debug|iPhoneSimulator
		Debug|x64 = Debug|x64
		Debug|x86 = Debug|x86
		Release|Any CPU = Release|Any CPU
		Release|ARM = Release|ARM
		Release|ARM64 = Release|ARM64
		Release|iPhone = Release|iPhone
		Release|iPhoneSimulator = Release|iPhoneSimulator
		Release|x64 = Release|x64
		Release|x86 = Release|x86
	EndGlobalSection
	GlobalSection(ProjectConfigurationPlatforms) = postSolution
		{E26DBD86-6541-4D34-A468-89B2F7A8F02D}.Debug|Any CPU.ActiveCfg = Debug|Any CPU
		{E26DBD86-6541-4D34-A468-89B2F7A8F02D}.Debug|Any CPU.Build.0 = Debug|Any CPU
		{E26DBD86-6541-4D34-A468-89B2F7A8F02D}.Debug|Any CPU.Deploy.0 = Debug|Any CPU
		{E26DBD86-6541-4D34-A468-89B2F7A8F02D}.Debug|ARM.ActiveCfg = Debug|Any CPU
		{E26DBD86-6541-4D34-A468-89B2F7A8F02D}.Debug|ARM.Build.0 = Debug|Any CPU
		{E26DBD86-6541-4D34-A468-89B2F7A8F02D}.Debug|ARM.Deploy.0 = Debug|Any CPU
		{E26DBD86-6541-4D34-A468-89B2F7A8F02D}.Debug|ARM64.ActiveCfg = Debug|Any CPU
		{E26DBD86-6541-4D34-A468-89B2F7A8F02D}.Debug|ARM64.Build.0 = Debug|Any CPU
		{E26DBD86-6541-4D34-A468-89B2F7A8F02D}.Debug|ARM64.Deploy.0 = Debug|Any CPU
		{E26DBD86-6541-4D34-A468-89B2F7A8F02D}.Debug|iPhone.ActiveCfg = Debug|Any CPU
		{E26DBD86-6541-4D34-A468-89B2F7A8F02D}.Debug|iPhone.Build.0 = Debug|Any CPU
		{E26DBD86-6541-4D34-A468-89B2F7A8F02D}.Debug|iPhone.Deploy.0 = Debug|Any CPU
		{E26DBD86-6541-4D34-A468-89B2F7A8F02D}.Debug|iPhoneSimulator.ActiveCfg = Debug|Any CPU
		{E26DBD86-6541-4D34-A468-89B2F7A8F02D}.Debug|iPhoneSimulator.Build.0 = Debug|Any CPU
		{E26DBD86-6541-4D34-A468-89B2F7A8F02D}.Debug|iPhoneSimulator.Deploy.0 = Debug|Any CPU
		{E26DBD86-6541-4D34-A468-89B2F7A8F02D}.Debug|x64.ActiveCfg = Debug|Any CPU
		{E26DBD86-6541-4D34-A468-89B2F7A8F02D}.Debug|x64.Build.0 = Debug|Any CPU
		{E26DBD86-6541-4D34-A468-89B2F7A8F02D}.Debug|x64.Deploy.0 = Debug|Any CPU
		{E26DBD86-6541-4D34-A468-89B2F7A8F02D}.Debug|x86.ActiveCfg = Debug|Any CPU
		{E26DBD86-6541-4D34-A468-89B2F7A8F02D}.Debug|x86.Build.0 = Debug|Any CPU
		{E26DBD86-6541-4D34-A468-89B2F7A8F02D}.Debug|x86.Deploy.0 = Debug|Any CPU
		{E26DBD86-6541-4D34-A468-89B2F7A8F02D}.Release|Any CPU.ActiveCfg = Release|Any CPU
		{E26DBD86-6541-4D34-A468-89B2F7A8F02D}.Release|Any CPU.Build.0 = Release|Any CPU
		{E26DBD86-6541-4D34-A468-89B2F7A8F02D}.Release|Any CPU.Deploy.0 = Release|Any CPU
		{E26DBD86-6541-4D34-A468-89B2F7A8F02D}.Release|ARM.ActiveCfg = Release|Any CPU
		{E26DBD86-6541-4D34-A468-89B2F7A8F02D}.Release|ARM.Build.0 = Release|Any CPU
		{E26DBD86-6541-4D34-A468-89B2F7A8F02D}.Release|ARM.Deploy.0 = Release|Any CPU
		{E26DBD86-6541-4D34-A468-89B2F7A8F02D}.Release|ARM64.ActiveCfg = Release|Any CPU
		{E26DBD86-6541-4D34-A468-89B2F7A8F02D}.Release|ARM64.Build.0 = Release|Any CPU
		{E26DBD86-6541-4D34-A468-89B2F7A8F02D}.Release|ARM64.Deploy.0 = Release|Any CPU
		{E26DBD86-6541-4D34-A468-89B2F7A8F02D}.Release|iPhone.ActiveCfg = Release|Any CPU
		{E26DBD86-6541-4D34-A468-89B2F7A8F02D}.Release|iPhone.Build.0 = Release|Any CPU
		{E26DBD86-6541-4D34-A468-89B2F7A8F02D}.Release|iPhone.Deploy.0 = Release|Any CPU
		{E26DBD86-6541-4D34-A468-89B2F7A8F02D}.Release|iPhoneSimulator.ActiveCfg = Release|Any CPU
		{E26DBD86-6541-4D34-A468-89B2F7A8F02D}.Release|iPhoneSimulator.Build.0 = Release|Any CPU
		{E26DBD86-6541-4D34-A468-89B2F7A8F02D}.Release|iPhoneSimulator.Deploy.0 = Release|Any CPU
		{E26DBD86-6541-4D34-A468-89B2F7A8F02D}.Release|x64.ActiveCfg = Release|Any CPU
		{E26DBD86-6541-4D34-A468-89B2F7A8F02D}.Release|x64.Build.0 = Release|Any CPU
		{E26DBD86-6541-4D34-A468-89B2F7A8F02D}.Release|x64.Deploy.0 = Release|Any CPU
		{E26DBD86-6541-4D34-A468-89B2F7A8F02D}.Release|x86.ActiveCfg = Release|Any CPU
		{E26DBD86-6541-4D34-A468-89B2F7A8F02D}.Release|x86.Build.0 = Release|Any CPU
		{E26DBD86-6541-4D34-A468-89B2F7A8F02D}.Release|x86.Deploy.0 = Release|Any CPU
		{AF7D3E96-4B92-4E2E-AF31-71E37E009A35}.Debug|Any CPU.ActiveCfg = Debug|Any CPU
		{AF7D3E96-4B92-4E2E-AF31-71E37E009A35}.Debug|Any CPU.Build.0 = Debug|Any CPU
		{AF7D3E96-4B92-4E2E-AF31-71E37E009A35}.Debug|ARM.ActiveCfg = Debug|Any CPU
		{AF7D3E96-4B92-4E2E-AF31-71E37E009A35}.Debug|ARM.Build.0 = Debug|Any CPU
		{AF7D3E96-4B92-4E2E-AF31-71E37E009A35}.Debug|ARM64.ActiveCfg = Debug|Any CPU
		{AF7D3E96-4B92-4E2E-AF31-71E37E009A35}.Debug|ARM64.Build.0 = Debug|Any CPU
		{AF7D3E96-4B92-4E2E-AF31-71E37E009A35}.Debug|iPhone.ActiveCfg = Debug|Any CPU
		{AF7D3E96-4B92-4E2E-AF31-71E37E009A35}.Debug|iPhone.Build.0 = Debug|Any CPU
		{AF7D3E96-4B92-4E2E-AF31-71E37E009A35}.Debug|iPhoneSimulator.ActiveCfg = Debug|Any CPU
		{AF7D3E96-4B92-4E2E-AF31-71E37E009A35}.Debug|iPhoneSimulator.Build.0 = Debug|Any CPU
		{AF7D3E96-4B92-4E2E-AF31-71E37E009A35}.Debug|x64.ActiveCfg = Debug|Any CPU
		{AF7D3E96-4B92-4E2E-AF31-71E37E009A35}.Debug|x64.Build.0 = Debug|Any CPU
		{AF7D3E96-4B92-4E2E-AF31-71E37E009A35}.Debug|x86.ActiveCfg = Debug|Any CPU
		{AF7D3E96-4B92-4E2E-AF31-71E37E009A35}.Debug|x86.Build.0 = Debug|Any CPU
		{AF7D3E96-4B92-4E2E-AF31-71E37E009A35}.Release|Any CPU.ActiveCfg = Release|Any CPU
		{AF7D3E96-4B92-4E2E-AF31-71E37E009A35}.Release|Any CPU.Build.0 = Release|Any CPU
		{AF7D3E96-4B92-4E2E-AF31-71E37E009A35}.Release|ARM.ActiveCfg = Release|Any CPU
		{AF7D3E96-4B92-4E2E-AF31-71E37E009A35}.Release|ARM.Build.0 = Release|Any CPU
		{AF7D3E96-4B92-4E2E-AF31-71E37E009A35}.Release|ARM64.ActiveCfg = Release|Any CPU
		{AF7D3E96-4B92-4E2E-AF31-71E37E009A35}.Release|ARM64.Build.0 = Release|Any CPU
		{AF7D3E96-4B92-4E2E-AF31-71E37E009A35}.Release|iPhone.ActiveCfg = Release|Any CPU
		{AF7D3E96-4B92-4E2E-AF31-71E37E009A35}.Release|iPhone.Build.0 = Release|Any CPU
		{AF7D3E96-4B92-4E2E-AF31-71E37E009A35}.Release|iPhoneSimulator.ActiveCfg = Release|Any CPU
		{AF7D3E96-4B92-4E2E-AF31-71E37E009A35}.Release|iPhoneSimulator.Build.0 = Release|Any CPU
		{AF7D3E96-4B92-4E2E-AF31-71E37E009A35}.Release|x64.ActiveCfg = Release|Any CPU
		{AF7D3E96-4B92-4E2E-AF31-71E37E009A35}.Release|x64.Build.0 = Release|Any CPU
		{AF7D3E96-4B92-4E2E-AF31-71E37E009A35}.Release|x86.ActiveCfg = Release|Any CPU
		{AF7D3E96-4B92-4E2E-AF31-71E37E009A35}.Release|x86.Build.0 = Release|Any CPU
		{8474D7B8-8BE7-412D-A94A-6AF7BEE59F05}.Debug|Any CPU.ActiveCfg = Debug|Any CPU
		{8474D7B8-8BE7-412D-A94A-6AF7BEE59F05}.Debug|Any CPU.Build.0 = Debug|Any CPU
		{8474D7B8-8BE7-412D-A94A-6AF7BEE59F05}.Debug|ARM.ActiveCfg = Debug|Any CPU
		{8474D7B8-8BE7-412D-A94A-6AF7BEE59F05}.Debug|ARM.Build.0 = Debug|Any CPU
		{8474D7B8-8BE7-412D-A94A-6AF7BEE59F05}.Debug|ARM64.ActiveCfg = Debug|Any CPU
		{8474D7B8-8BE7-412D-A94A-6AF7BEE59F05}.Debug|ARM64.Build.0 = Debug|Any CPU
		{8474D7B8-8BE7-412D-A94A-6AF7BEE59F05}.Debug|iPhone.ActiveCfg = Debug|Any CPU
		{8474D7B8-8BE7-412D-A94A-6AF7BEE59F05}.Debug|iPhone.Build.0 = Debug|Any CPU
		{8474D7B8-8BE7-412D-A94A-6AF7BEE59F05}.Debug|iPhoneSimulator.ActiveCfg = Debug|Any CPU
		{8474D7B8-8BE7-412D-A94A-6AF7BEE59F05}.Debug|iPhoneSimulator.Build.0 = Debug|Any CPU
		{8474D7B8-8BE7-412D-A94A-6AF7BEE59F05}.Debug|x64.ActiveCfg = Debug|Any CPU
		{8474D7B8-8BE7-412D-A94A-6AF7BEE59F05}.Debug|x64.Build.0 = Debug|Any CPU
		{8474D7B8-8BE7-412D-A94A-6AF7BEE59F05}.Debug|x86.ActiveCfg = Debug|Any CPU
		{8474D7B8-8BE7-412D-A94A-6AF7BEE59F05}.Debug|x86.Build.0 = Debug|Any CPU
		{8474D7B8-8BE7-412D-A94A-6AF7BEE59F05}.Release|Any CPU.ActiveCfg = Release|Any CPU
		{8474D7B8-8BE7-412D-A94A-6AF7BEE59F05}.Release|Any CPU.Build.0 = Release|Any CPU
		{8474D7B8-8BE7-412D-A94A-6AF7BEE59F05}.Release|ARM.ActiveCfg = Release|Any CPU
		{8474D7B8-8BE7-412D-A94A-6AF7BEE59F05}.Release|ARM.Build.0 = Release|Any CPU
		{8474D7B8-8BE7-412D-A94A-6AF7BEE59F05}.Release|ARM64.ActiveCfg = Release|Any CPU
		{8474D7B8-8BE7-412D-A94A-6AF7BEE59F05}.Release|ARM64.Build.0 = Release|Any CPU
		{8474D7B8-8BE7-412D-A94A-6AF7BEE59F05}.Release|iPhone.ActiveCfg = Release|Any CPU
		{8474D7B8-8BE7-412D-A94A-6AF7BEE59F05}.Release|iPhone.Build.0 = Release|Any CPU
		{8474D7B8-8BE7-412D-A94A-6AF7BEE59F05}.Release|iPhoneSimulator.ActiveCfg = Release|Any CPU
		{8474D7B8-8BE7-412D-A94A-6AF7BEE59F05}.Release|iPhoneSimulator.Build.0 = Release|Any CPU
		{8474D7B8-8BE7-412D-A94A-6AF7BEE59F05}.Release|x64.ActiveCfg = Release|Any CPU
		{8474D7B8-8BE7-412D-A94A-6AF7BEE59F05}.Release|x64.Build.0 = Release|Any CPU
		{8474D7B8-8BE7-412D-A94A-6AF7BEE59F05}.Release|x86.ActiveCfg = Release|Any CPU
		{8474D7B8-8BE7-412D-A94A-6AF7BEE59F05}.Release|x86.Build.0 = Release|Any CPU
		{A0653C13-9B45-4130-B0AC-7A5E5189066C}.Debug|Any CPU.ActiveCfg = Debug|Any CPU
		{A0653C13-9B45-4130-B0AC-7A5E5189066C}.Debug|Any CPU.Build.0 = Debug|Any CPU
		{A0653C13-9B45-4130-B0AC-7A5E5189066C}.Debug|ARM.ActiveCfg = Debug|Any CPU
		{A0653C13-9B45-4130-B0AC-7A5E5189066C}.Debug|ARM.Build.0 = Debug|Any CPU
		{A0653C13-9B45-4130-B0AC-7A5E5189066C}.Debug|ARM64.ActiveCfg = Debug|Any CPU
		{A0653C13-9B45-4130-B0AC-7A5E5189066C}.Debug|ARM64.Build.0 = Debug|Any CPU
		{A0653C13-9B45-4130-B0AC-7A5E5189066C}.Debug|iPhone.ActiveCfg = Debug|Any CPU
		{A0653C13-9B45-4130-B0AC-7A5E5189066C}.Debug|iPhone.Build.0 = Debug|Any CPU
		{A0653C13-9B45-4130-B0AC-7A5E5189066C}.Debug|iPhoneSimulator.ActiveCfg = Debug|Any CPU
		{A0653C13-9B45-4130-B0AC-7A5E5189066C}.Debug|iPhoneSimulator.Build.0 = Debug|Any CPU
		{A0653C13-9B45-4130-B0AC-7A5E5189066C}.Debug|x64.ActiveCfg = Debug|Any CPU
		{A0653C13-9B45-4130-B0AC-7A5E5189066C}.Debug|x64.Build.0 = Debug|Any CPU
		{A0653C13-9B45-4130-B0AC-7A5E5189066C}.Debug|x86.ActiveCfg = Debug|Any CPU
		{A0653C13-9B45-4130-B0AC-7A5E5189066C}.Debug|x86.Build.0 = Debug|Any CPU
		{A0653C13-9B45-4130-B0AC-7A5E5189066C}.Release|Any CPU.ActiveCfg = Release|Any CPU
		{A0653C13-9B45-4130-B0AC-7A5E5189066C}.Release|Any CPU.Build.0 = Release|Any CPU
		{A0653C13-9B45-4130-B0AC-7A5E5189066C}.Release|ARM.ActiveCfg = Release|Any CPU
		{A0653C13-9B45-4130-B0AC-7A5E5189066C}.Release|ARM.Build.0 = Release|Any CPU
		{A0653C13-9B45-4130-B0AC-7A5E5189066C}.Release|ARM64.ActiveCfg = Release|Any CPU
		{A0653C13-9B45-4130-B0AC-7A5E5189066C}.Release|ARM64.Build.0 = Release|Any CPU
		{A0653C13-9B45-4130-B0AC-7A5E5189066C}.Release|iPhone.ActiveCfg = Release|Any CPU
		{A0653C13-9B45-4130-B0AC-7A5E5189066C}.Release|iPhone.Build.0 = Release|Any CPU
		{A0653C13-9B45-4130-B0AC-7A5E5189066C}.Release|iPhoneSimulator.ActiveCfg = Release|Any CPU
		{A0653C13-9B45-4130-B0AC-7A5E5189066C}.Release|iPhoneSimulator.Build.0 = Release|Any CPU
		{A0653C13-9B45-4130-B0AC-7A5E5189066C}.Release|x64.ActiveCfg = Release|Any CPU
		{A0653C13-9B45-4130-B0AC-7A5E5189066C}.Release|x64.Build.0 = Release|Any CPU
		{A0653C13-9B45-4130-B0AC-7A5E5189066C}.Release|x86.ActiveCfg = Release|Any CPU
		{A0653C13-9B45-4130-B0AC-7A5E5189066C}.Release|x86.Build.0 = Release|Any CPU
		{AE6D3AE7-281D-482E-BEB8-810619B9C596}.Debug|Any CPU.ActiveCfg = Debug|Any CPU
		{AE6D3AE7-281D-482E-BEB8-810619B9C596}.Debug|Any CPU.Build.0 = Debug|Any CPU
		{AE6D3AE7-281D-482E-BEB8-810619B9C596}.Debug|ARM.ActiveCfg = Debug|Any CPU
		{AE6D3AE7-281D-482E-BEB8-810619B9C596}.Debug|ARM.Build.0 = Debug|Any CPU
		{AE6D3AE7-281D-482E-BEB8-810619B9C596}.Debug|ARM64.ActiveCfg = Debug|Any CPU
		{AE6D3AE7-281D-482E-BEB8-810619B9C596}.Debug|ARM64.Build.0 = Debug|Any CPU
		{AE6D3AE7-281D-482E-BEB8-810619B9C596}.Debug|iPhone.ActiveCfg = Debug|Any CPU
		{AE6D3AE7-281D-482E-BEB8-810619B9C596}.Debug|iPhone.Build.0 = Debug|Any CPU
		{AE6D3AE7-281D-482E-BEB8-810619B9C596}.Debug|iPhoneSimulator.ActiveCfg = Debug|Any CPU
		{AE6D3AE7-281D-482E-BEB8-810619B9C596}.Debug|iPhoneSimulator.Build.0 = Debug|Any CPU
		{AE6D3AE7-281D-482E-BEB8-810619B9C596}.Debug|x64.ActiveCfg = Debug|Any CPU
		{AE6D3AE7-281D-482E-BEB8-810619B9C596}.Debug|x64.Build.0 = Debug|Any CPU
		{AE6D3AE7-281D-482E-BEB8-810619B9C596}.Debug|x86.ActiveCfg = Debug|Any CPU
		{AE6D3AE7-281D-482E-BEB8-810619B9C596}.Debug|x86.Build.0 = Debug|Any CPU
		{AE6D3AE7-281D-482E-BEB8-810619B9C596}.Release|Any CPU.ActiveCfg = Release|Any CPU
		{AE6D3AE7-281D-482E-BEB8-810619B9C596}.Release|Any CPU.Build.0 = Release|Any CPU
		{AE6D3AE7-281D-482E-BEB8-810619B9C596}.Release|ARM.ActiveCfg = Release|Any CPU
		{AE6D3AE7-281D-482E-BEB8-810619B9C596}.Release|ARM.Build.0 = Release|Any CPU
		{AE6D3AE7-281D-482E-BEB8-810619B9C596}.Release|ARM64.ActiveCfg = Release|Any CPU
		{AE6D3AE7-281D-482E-BEB8-810619B9C596}.Release|ARM64.Build.0 = Release|Any CPU
		{AE6D3AE7-281D-482E-BEB8-810619B9C596}.Release|iPhone.ActiveCfg = Release|Any CPU
		{AE6D3AE7-281D-482E-BEB8-810619B9C596}.Release|iPhone.Build.0 = Release|Any CPU
		{AE6D3AE7-281D-482E-BEB8-810619B9C596}.Release|iPhoneSimulator.ActiveCfg = Release|Any CPU
		{AE6D3AE7-281D-482E-BEB8-810619B9C596}.Release|iPhoneSimulator.Build.0 = Release|Any CPU
		{AE6D3AE7-281D-482E-BEB8-810619B9C596}.Release|x64.ActiveCfg = Release|Any CPU
		{AE6D3AE7-281D-482E-BEB8-810619B9C596}.Release|x64.Build.0 = Release|Any CPU
		{AE6D3AE7-281D-482E-BEB8-810619B9C596}.Release|x86.ActiveCfg = Release|Any CPU
		{AE6D3AE7-281D-482E-BEB8-810619B9C596}.Release|x86.Build.0 = Release|Any CPU
	EndGlobalSection
	GlobalSection(SolutionProperties) = preSolution
		HideSolutionNode = FALSE
	EndGlobalSection
	GlobalSection(NestedProjects) = preSolution
		{E26DBD86-6541-4D34-A468-89B2F7A8F02D} = {7063A053-2D08-49D3-BE0D-C9903522EF45}
		{A0653C13-9B45-4130-B0AC-7A5E5189066C} = {7063A053-2D08-49D3-BE0D-C9903522EF45}
		{AE6D3AE7-281D-482E-BEB8-810619B9C596} = {7063A053-2D08-49D3-BE0D-C9903522EF45}
	EndGlobalSection
	GlobalSection(ExtensibilityGlobals) = postSolution
		SolutionGuid = {994A13BA-BF09-42B7-A3A9-B921CDFFBC08}
	EndGlobalSection
EndGlobal
